
Microsoft Visual Studio Solution File, Format Version 12.00
# Visual Studio Version 16
VisualStudioVersion = 16.0.31410.357
MinimumVisualStudioVersion = 10.0.40219.1
Project("{9A19103F-16F7-4668-BE54-9A1E7A4F7556}") = "Sol_Demo", "Sol_Demo\Sol_Demo.csproj", "{8870E49C-509E-4261-886A-E40F50F621CD}"
EndProject
Global
	GlobalSection(SolutionConfigurationPlatforms) = preSolution
		Debug|Any CPU = Debug|Any CPU
		Release|Any CPU = Release|Any CPU
	EndGlobalSection
	GlobalSection(ProjectConfigurationPlatforms) = postSolution
		{8870E49C-509E-4261-886A-E40F50F621CD}.Debug|Any CPU.ActiveCfg = Debug|Any CPU
		{8870E49C-509E-4261-886A-E40F50F621CD}.Debug|Any CPU.Build.0 = Debug|Any CPU
		{8870E49C-509E-4261-886A-E40F50F621CD}.Release|Any CPU.ActiveCfg = Release|Any CPU
		{8870E49C-509E-4261-886A-E40F50F621CD}.Release|Any CPU.Build.0 = Release|Any CPU
	EndGlobalSection
	GlobalSection(SolutionProperties) = preSolution
		HideSolutionNode = FALSE
	EndGlobalSection
	GlobalSection(ExtensibilityGlobals) = postSolution
		SolutionGuid = {6FE914CF-E4AF-48DD-A43F-2D039C303A40}
	EndGlobalSection
EndGlobal
